
Microsoft Visual Studio Solution File, Format Version 12.00
# Visual Studio Version 18
VisualStudioVersion = 18.5.11619.145
MinimumVisualStudioVersion = 10.0.40219.1
Project("{FAE04EC0-301F-11D3-BF4B-00C04F79EFBC}") = "9292TripUpdatesApi", "TripUpdatesApi\9292TripUpdatesApi.csproj", "{0F7EEB72-E530-0A13-4D51-871179ED33C2}"
EndProject
Project("{FAE04EC0-301F-11D3-BF4B-00C04F79EFBC}") = "TripUpdatesApi.Tests", "TripUpdatesApi.Tests\TripUpdatesApi.Tests.csproj", "{8B3E885C-4AE9-E7FB-646C-B3ADE3290CA1}"
EndProject
Project("{2150E333-8FDC-42A3-9474-1A3956D46DE8}") = "Docs", "Docs", "{5C53715E-A2C7-4606-B9BD-09BE9344A6EA}"
	ProjectSection(SolutionItems) = preProject
		SOLUTION.md = SOLUTION.md
	EndProjectSection
EndProject
Global
	GlobalSection(SolutionConfigurationPlatforms) = preSolution
		Debug|Any CPU = Debug|Any CPU
		Release|Any CPU = Release|Any CPU
	EndGlobalSection
	GlobalSection(ProjectConfigurationPlatforms) = postSolution
		{0F7EEB72-E530-0A13-4D51-871179ED33C2}.Debug|Any CPU.ActiveCfg = Debug|Any CPU
		{0F7EEB72-E530-0A13-4D51-871179ED33C2}.Debug|Any CPU.Build.0 = Debug|Any CPU
		{0F7EEB72-E530-0A13-4D51-871179ED33C2}.Release|Any CPU.ActiveCfg = Release|Any CPU
		{0F7EEB72-E530-0A13-4D51-871179ED33C2}.Release|Any CPU.Build.0 = Release|Any CPU
		{8B3E885C-4AE9-E7FB-646C-B3ADE3290CA1}.Debug|Any CPU.ActiveCfg = Debug|Any CPU
		{8B3E885C-4AE9-E7FB-646C-B3ADE3290CA1}.Debug|Any CPU.Build.0 = Debug|Any CPU
		{8B3E885C-4AE9-E7FB-646C-B3ADE3290CA1}.Release|Any CPU.ActiveCfg = Release|Any CPU
		{8B3E885C-4AE9-E7FB-646C-B3ADE3290CA1}.Release|Any CPU.Build.0 = Release|Any CPU
	EndGlobalSection
	GlobalSection(SolutionProperties) = preSolution
		HideSolutionNode = FALSE
	EndGlobalSection
	GlobalSection(ExtensibilityGlobals) = postSolution
		SolutionGuid = {B923394C-3408-4FC5-9DAE-9E0B97F865EE}
	EndGlobalSection
EndGlobal
